
Microsoft Visual Studio Solution File, Format Version 12.00
# Visual Studio Version 17
VisualStudioVersion = 17.4.33103.184
MinimumVisualStudioVersion = 10.0.40219.1
Project("{8BC9CEB8-8B4A-11D0-8D11-00A0C91BC942}") = "HelloWorld", "ch01-intro\examples\HelloWorld\HelloWorld.vcxproj", "{25DA3111-C931-46FD-918E-237E35C7E7F0}"
EndProject
Project("{8BC9CEB8-8B4A-11D0-8D11-00A0C91BC942}") = "FahrenheitToCelsius", "ch01-intro\examples\FahrenheitToCelsius\FahrenheitToCelsius.vcxproj", "{0D2ECC1F-A758-4411-93A3-CF21F6F81D70}"
EndProject
Project("{8BC9CEB8-8B4A-11D0-8D11-00A0C91BC942}") = "SymbolicConstants", "ch01-intro\examples\SymbolicConstants\SymbolicConstants.vcxproj", "{A96F3658-0D38-4288-B940-94264D6853DC}"
EndProject
Project("{8BC9CEB8-8B4A-11D0-8D11-00A0C91BC942}") = "WordCount", "ch01-intro\examples\WordCount\WordCount.vcxproj", "{BCD424E0-ECAF-497C-BC2B-F768A5538370}"
EndProject
Project("{8BC9CEB8-8B4A-11D0-8D11-00A0C91BC942}") = "CelsiusToFahrenheit", "ch01-intro\exercises\CelsiusToFahrenheit\CelsiusToFahrenheit.vcxproj", "{C132833B-36DE-43BB-B24F-154AD2080411}"
EndProject
Project("{8BC9CEB8-8B4A-11D0-8D11-00A0C91BC942}") = "CharFreq", "ch01-intro\exercises\CharFreq\CharFreq.vcxproj", "{0B6F4CA9-8098-4A9D-BE82-3C5C9D610388}"
EndProject
Project("{8BC9CEB8-8B4A-11D0-8D11-00A0C91BC942}") = "ConversionFunction", "ch01-intro\exercises\ConversionFunction\ConversionFunction.vcxproj", "{4743B826-8B92-4736-9F5D-0B45F870753A}"
EndProject
Project("{8BC9CEB8-8B4A-11D0-8D11-00A0C91BC942}") = "DisplayWs", "ch01-intro\exercises\DisplayWs\DisplayWs.vcxproj", "{EDB2A082-774E-4D24-B14E-71E2E8682DBA}"
EndProject
Project("{8BC9CEB8-8B4A-11D0-8D11-00A0C91BC942}") = "Eof", "ch01-intro\exercises\Eof\Eof.vcxproj", "{9354996F-8225-4EB1-831E-047FA5BBC8E7}"
EndProject
Project("{8BC9CEB8-8B4A-11D0-8D11-00A0C91BC942}") = "FahrenheitCelsiusTable", "ch01-intro\exercises\FahrenheitCelsiusTable\FahrenheitCelsiusTable.vcxproj", "{39E02A0A-AC0D-41D7-B79D-70E6BFEA7F46}"
EndProject
Project("{8BC9CEB8-8B4A-11D0-8D11-00A0C91BC942}") = "ReverseOrderTable", "ch01-intro\exercises\ReverseOrderTable\ReverseOrderTable.vcxproj", "{57FB8A17-C600-470D-8727-3437DFFE7ECF}"
EndProject
Project("{8BC9CEB8-8B4A-11D0-8D11-00A0C91BC942}") = "SquashBlanks", "ch01-intro\exercises\SquashBlanks\SquashBlanks.vcxproj", "{E6FF0ED4-F794-43FD-B8EC-DCC44D1C8A1E}"
EndProject
Project("{8BC9CEB8-8B4A-11D0-8D11-00A0C91BC942}") = "CountWhitespace", "ch01-intro\exercises\CountWhitespace\CountWhitespace.vcxproj", "{8B508DBD-9E1B-4225-BA67-1ADC9FBF9FC4}"
EndProject
Project("{8BC9CEB8-8B4A-11D0-8D11-00A0C91BC942}") = "WordLength", "ch01-intro\exercises\WordLength\WordLength.vcxproj", "{8B4BCDB3-8E5A-4263-8097-26E015E31D89}"
EndProject
Project("{8BC9CEB8-8B4A-11D0-8D11-00A0C91BC942}") = "WordPerLine", "ch01-intro\exercises\WordPerLine\WordPerLine.vcxproj", "{5B3DE2B7-5BEE-4490-98A1-3CD38047DDCA}"
EndProject
Project("{8BC9CEB8-8B4A-11D0-8D11-00A0C91BC942}") = "Whitespace", "ch01-intro\exercises\Whitespace\Whitespace.vcxproj", "{5C144668-9A59-409E-9D5C-F0A27103BA09}"
EndProject
Project("{8BC9CEB8-8B4A-11D0-8D11-00A0C91BC942}") = "PrintLongLines", "ch01-intro\exercises\PrintLongLines\PrintLongLines.vcxproj", "{82524745-C858-4883-907A-E445B756CCD3}"
EndProject
Project("{8BC9CEB8-8B4A-11D0-8D11-00A0C91BC942}") = "ReadingLines", "ch01-intro\examples\ReadingLines\ReadingLines.vcxproj", "{B971F448-0CBA-4BFF-964E-156FA25F61B2}"
EndProject
Project("{8BC9CEB8-8B4A-11D0-8D11-00A0C91BC942}") = "TidyWhitespace", "ch01-intro\exercises\TidyWhitespace\TidyWhitespace.vcxproj", "{9C6F76D6-5F58-419B-983A-E9718702EA79}"
EndProject
Project("{8BC9CEB8-8B4A-11D0-8D11-00A0C91BC942}") = "SuperLongLines", "ch01-intro\exercises\SuperLongLines\SuperLongLines.vcxproj", "{C170A4D0-1303-4BC5-9104-615E1C47DC6A}"
EndProject
Project("{8BC9CEB8-8B4A-11D0-8D11-00A0C91BC942}") = "ReverseString", "ch01-intro\exercises\ReverseString\ReverseString.vcxproj", "{01BE6C90-CACB-4B80-9BCE-3FA762AA2248}"
EndProject
Project("{8BC9CEB8-8B4A-11D0-8D11-00A0C91BC942}") = "Detab", "ch01-intro\exercises\Detab\Detab.vcxproj", "{BBF59323-971F-4AF6-BC35-D48034EC928D}"
EndProject
Project("{8BC9CEB8-8B4A-11D0-8D11-00A0C91BC942}") = "Entab", "ch01-intro\exercises\Entab\Entab.vcxproj", "{A62355D8-95AB-429A-A359-31DA098F379A}"
EndProject
Project("{8BC9CEB8-8B4A-11D0-8D11-00A0C91BC942}") = "Fold", "ch01-intro\exercises\Fold\Fold.vcxproj", "{48F79CE8-252C-46EA-8BF4-1052B4E21E26}"
EndProject
Project("{8BC9CEB8-8B4A-11D0-8D11-00A0C91BC942}") = "FoldTests", "ch01-intro\exercises\FoldTests\FoldTests.vcxproj", "{8616D25B-9490-4298-8B2B-5C2E24309FCC}"
EndProject
Project("{8BC9CEB8-8B4A-11D0-8D11-00A0C91BC942}") = "Ranges", "ch02-types-operators-and-expressions\exercises\Ranges\Ranges.vcxproj", "{DE9C1CB8-6EF6-47CC-983F-05D42C40E057}"
EndProject
Project("{8BC9CEB8-8B4A-11D0-8D11-00A0C91BC942}") = "ConstrainedForLoop", "ch02-types-operators-and-expressions\exercises\ConstrainedForLoop\ConstrainedForLoop.vcxproj", "{35ADFD21-F692-4C89-B0DF-86598D7E5732}"
EndProject
Project("{8BC9CEB8-8B4A-11D0-8D11-00A0C91BC942}") = "HexToInt", "ch02-types-operators-and-expressions\exercises\HexToInt\HexToInt.vcxproj", "{AD343057-C7F5-4194-840C-C7C46451CD89}"
EndProject
Project("{8BC9CEB8-8B4A-11D0-8D11-00A0C91BC942}") = "HexToIntTests", "ch02-types-operators-and-expressions\exercises\HexToIntTests\HexToIntTests.vcxproj", "{71DC17B7-AC14-4BB1-874B-92C8180DAD29}"
EndProject
Project("{8BC9CEB8-8B4A-11D0-8D11-00A0C91BC942}") = "Squeeze", "ch02-types-operators-and-expressions\exercises\Squeeze\Squeeze.vcxproj", "{A6601057-14D2-4963-BB4C-A11C89727F4E}"
EndProject
Project("{8BC9CEB8-8B4A-11D0-8D11-00A0C91BC942}") = "SqueezeTests", "ch02-types-operators-and-expressions\exercises\SqueezeTests\SqueezeTests.vcxproj", "{E17F3211-77AD-4636-8880-5DC3EC95EA4A}"
EndProject
Project("{8BC9CEB8-8B4A-11D0-8D11-00A0C91BC942}") = "Any", "ch02-types-operators-and-expressions\exercises\Any\Any.vcxproj", "{2F248789-690F-4042-B21F-9A3DB3CAB43C}"
EndProject
Project("{8BC9CEB8-8B4A-11D0-8D11-00A0C91BC942}") = "AnyTests", "ch02-types-operators-and-expressions\exercises\AnyTests\AnyTests.vcxproj", "{4534BA12-4353-4351-9129-C06488EE58B8}"
EndProject
Project("{8BC9CEB8-8B4A-11D0-8D11-00A0C91BC942}") = "SetBits", "ch02-types-operators-and-expressions\exercises\SetBits\SetBits.vcxproj", "{81F6386B-446E-470A-8479-2AE7B42B9C0D}"
EndProject
Project("{8BC9CEB8-8B4A-11D0-8D11-00A0C91BC942}") = "BitTwiddlingTests", "ch02-types-operators-and-expressions\exercises\BitTwiddlingTests\BitTwiddlingTests.vcxproj", "{7129BA04-E74D-40B2-991E-9999F0771C90}"
EndProject
Project("{8BC9CEB8-8B4A-11D0-8D11-00A0C91BC942}") = "Invert", "ch02-types-operators-and-expressions\exercises\Invert\Invert.vcxproj", "{121524A3-818D-4649-B065-50D38262851F}"
EndProject
Project("{8BC9CEB8-8B4A-11D0-8D11-00A0C91BC942}") = "InvertTests", "ch02-types-operators-and-expressions\exercises\InvertTests\InvertTests.vcxproj", "{E17D802F-4AE5-4204-BE74-1F71CC11E3D2}"
EndProject
Project("{8BC9CEB8-8B4A-11D0-8D11-00A0C91BC942}") = "RightRot", "ch02-types-operators-and-expressions\exercises\RightRot\RightRot.vcxproj", "{58D02460-30D1-4C26-89AD-E297657267E6}"
EndProject
Project("{8BC9CEB8-8B4A-11D0-8D11-00A0C91BC942}") = "RightRotTests", "ch02-types-operators-and-expressions\exercises\RightRotTests\RightRotTests.vcxproj", "{209FD661-99EA-47E1-B8C5-4A4C21A98F60}"
EndProject
Project("{8BC9CEB8-8B4A-11D0-8D11-00A0C91BC942}") = "Lower", "ch02-types-operators-and-expressions\exercises\Lower\Lower.vcxproj", "{58FCC380-1A2C-4305-9AD9-F6DC88669931}"
EndProject
Project("{8BC9CEB8-8B4A-11D0-8D11-00A0C91BC942}") = "LowerTests", "ch02-types-operators-and-expressions\exercises\LowerTests\LowerTests.vcxproj", "{B4FEDD24-F076-4377-9474-41903C19BD2B}"
EndProject
Project("{8BC9CEB8-8B4A-11D0-8D11-00A0C91BC942}") = "SuperLongLinesTests", "ch01-intro\exercises\SuperLongLinesTests\SuperLongLinesTests.vcxproj", "{79D69AF2-1353-4A56-BE62-49FEA7CE8E64}"
EndProject
Project("{8BC9CEB8-8B4A-11D0-8D11-00A0C91BC942}") = "BinarySearch", "ch03-control-flow\exercises\BinarySearch\BinarySearch.vcxproj", "{99FE1990-6B84-41C3-93B1-120CCA8D77BC}"
EndProject
Project("{8BC9CEB8-8B4A-11D0-8D11-00A0C91BC942}") = "Escape", "ch03-control-flow\exercises\Escape\Escape.vcxproj", "{AC48C93D-75FF-461D-92CF-2B38D64DC637}"
EndProject
Project("{8BC9CEB8-8B4A-11D0-8D11-00A0C91BC942}") = "BinarySearchTests", "ch03-control-flow\exercises\BinarySearchTests\BinarySearchTests.vcxproj", "{6961AD66-8D5F-4C46-AFE9-2C32656BD27D}"
EndProject
Project("{8BC9CEB8-8B4A-11D0-8D11-00A0C91BC942}") = "EscapeTests", "ch03-control-flow\exercises\EscapeTests\EscapeTests.vcxproj", "{D2E08BF1-4935-42AE-BA13-122844C4508E}"
EndProject
Project("{8BC9CEB8-8B4A-11D0-8D11-00A0C91BC942}") = "PrintEof", "ch01-intro\exercises\PrintEof\PrintEof.vcxproj", "{177C7E94-563B-4947-9962-2ADCECE46162}"
EndProject
Project("{8BC9CEB8-8B4A-11D0-8D11-00A0C91BC942}") = "Expand", "ch03-control-flow\exercises\Expand\Expand.vcxproj", "{60EAC3CF-564C-4F3B-9B1F-3B77B63C960B}"
EndProject
Project("{8BC9CEB8-8B4A-11D0-8D11-00A0C91BC942}") = "ExpandTests", "ch03-control-flow\exercises\ExpandTests\ExpandTests.vcxproj", "{6A8BFC82-5739-4220-AE8B-BCDA6A51BEA2}"
EndProject
Project("{8BC9CEB8-8B4A-11D0-8D11-00A0C91BC942}") = "IntToStringNegative", "ch03-control-flow\exercises\IntToStringNegative\IntToStringNegative.vcxproj", "{EA7C1F2A-DE11-431F-99DD-CFCAC00ED12C}"
EndProject
Project("{8BC9CEB8-8B4A-11D0-8D11-00A0C91BC942}") = "IntToStringNegativeTests", "ch03-control-flow\exercises\IntToStringNegativeTests\IntToStringNegativeTests.vcxproj", "{107FCD6B-6391-439D-8CC6-F1A1F3F639FF}"
EndProject
Project("{8BC9CEB8-8B4A-11D0-8D11-00A0C91BC942}") = "IntToBaseString", "ch03-control-flow\exercises\IntToBaseString\IntToBaseString.vcxproj", "{28A04FBA-1942-4003-9CCE-8579B4E3F8BD}"
EndProject
Project("{8BC9CEB8-8B4A-11D0-8D11-00A0C91BC942}") = "IntToBaseStringTests", "ch03-control-flow\exercises\IntToBaseStringTests\IntToBaseStringTests.vcxproj", "{D1A9A5E4-68A7-4F81-B79F-5C30F76AAADC}"
EndProject
Project("{8BC9CEB8-8B4A-11D0-8D11-00A0C91BC942}") = "IntToMinWidthString", "ch03-control-flow\exercises\IntToMinWidthString\IntToMinWidthString.vcxproj", "{06FA667F-C1A8-4E42-94F1-4E31F130400E}"
EndProject
Project("{8BC9CEB8-8B4A-11D0-8D11-00A0C91BC942}") = "IntToMinWidthStringTests", "ch03-control-flow\exercises\IntToMinWidthStringTests\IntToMinWidthStringTests.vcxproj", "{F00FF618-A9F6-4D28-9291-7947ADAA34EE}"
EndProject
Project("{8BC9CEB8-8B4A-11D0-8D11-00A0C91BC942}") = "StrIndexTests", "ch04-functions\exercises\StrIndexTests\StrIndexTests.vcxproj", "{50F4D12A-03C6-42D8-9199-16B42558A5B2}"
EndProject
Project("{8BC9CEB8-8B4A-11D0-8D11-00A0C91BC942}") = "StrIndex", "ch04-functions\exercises\StrIndex\StrIndex.vcxproj", "{FCD8986E-DAD2-4D31-92FD-A531CBD327CE}"
EndProject
Project("{8BC9CEB8-8B4A-11D0-8D11-00A0C91BC942}") = "StrToFloat", "ch04-functions\exercises\StrToFloat\StrToFloat.vcxproj", "{90E3566D-CC61-45FB-962D-8A32D9090D84}"
EndProject
Project("{8BC9CEB8-8B4A-11D0-8D11-00A0C91BC942}") = "StrToFloatTests", "ch04-functions\exercises\StrToFloatTests\StrToFloatTests.vcxproj", "{47C758F0-B920-426F-A22C-20F609482064}"
EndProject
Global
	GlobalSection(SolutionConfigurationPlatforms) = preSolution
		Debug|x64 = Debug|x64
		Debug|x86 = Debug|x86
		Release|x64 = Release|x64
		Release|x86 = Release|x86
	EndGlobalSection
	GlobalSection(ProjectConfigurationPlatforms) = postSolution
		{25DA3111-C931-46FD-918E-237E35C7E7F0}.Debug|x64.ActiveCfg = Debug|x64
		{25DA3111-C931-46FD-918E-237E35C7E7F0}.Debug|x64.Build.0 = Debug|x64
		{25DA3111-C931-46FD-918E-237E35C7E7F0}.Debug|x86.ActiveCfg = Debug|Win32
		{25DA3111-C931-46FD-918E-237E35C7E7F0}.Debug|x86.Build.0 = Debug|Win32
		{25DA3111-C931-46FD-918E-237E35C7E7F0}.Release|x64.ActiveCfg = Release|x64
		{25DA3111-C931-46FD-918E-237E35C7E7F0}.Release|x64.Build.0 = Release|x64
		{25DA3111-C931-46FD-918E-237E35C7E7F0}.Release|x86.ActiveCfg = Release|Win32
		{25DA3111-C931-46FD-918E-237E35C7E7F0}.Release|x86.Build.0 = Release|Win32
		{0D2ECC1F-A758-4411-93A3-CF21F6F81D70}.Debug|x64.ActiveCfg = Debug|x64
		{0D2ECC1F-A758-4411-93A3-CF21F6F81D70}.Debug|x64.Build.0 = Debug|x64
		{0D2ECC1F-A758-4411-93A3-CF21F6F81D70}.Debug|x86.ActiveCfg = Debug|Win32
		{0D2ECC1F-A758-4411-93A3-CF21F6F81D70}.Debug|x86.Build.0 = Debug|Win32
		{0D2ECC1F-A758-4411-93A3-CF21F6F81D70}.Release|x64.ActiveCfg = Release|x64
		{0D2ECC1F-A758-4411-93A3-CF21F6F81D70}.Release|x64.Build.0 = Release|x64
		{0D2ECC1F-A758-4411-93A3-CF21F6F81D70}.Release|x86.ActiveCfg = Release|Win32
		{0D2ECC1F-A758-4411-93A3-CF21F6F81D70}.Release|x86.Build.0 = Release|Win32
		{A96F3658-0D38-4288-B940-94264D6853DC}.Debug|x64.ActiveCfg = Debug|x64
		{A96F3658-0D38-4288-B940-94264D6853DC}.Debug|x64.Build.0 = Debug|x64
		{A96F3658-0D38-4288-B940-94264D6853DC}.Debug|x86.ActiveCfg = Debug|Win32
		{A96F3658-0D38-4288-B940-94264D6853DC}.Debug|x86.Build.0 = Debug|Win32
		{A96F3658-0D38-4288-B940-94264D6853DC}.Release|x64.ActiveCfg = Release|x64
		{A96F3658-0D38-4288-B940-94264D6853DC}.Release|x64.Build.0 = Release|x64
		{A96F3658-0D38-4288-B940-94264D6853DC}.Release|x86.ActiveCfg = Release|Win32
		{A96F3658-0D38-4288-B940-94264D6853DC}.Release|x86.Build.0 = Release|Win32
		{BCD424E0-ECAF-497C-BC2B-F768A5538370}.Debug|x64.ActiveCfg = Debug|x64
		{BCD424E0-ECAF-497C-BC2B-F768A5538370}.Debug|x64.Build.0 = Debug|x64
		{BCD424E0-ECAF-497C-BC2B-F768A5538370}.Debug|x86.ActiveCfg = Debug|Win32
		{BCD424E0-ECAF-497C-BC2B-F768A5538370}.Debug|x86.Build.0 = Debug|Win32
		{BCD424E0-ECAF-497C-BC2B-F768A5538370}.Release|x64.ActiveCfg = Release|x64
		{BCD424E0-ECAF-497C-BC2B-F768A5538370}.Release|x64.Build.0 = Release|x64
		{BCD424E0-ECAF-497C-BC2B-F768A5538370}.Release|x86.ActiveCfg = Release|Win32
		{BCD424E0-ECAF-497C-BC2B-F768A5538370}.Release|x86.Build.0 = Release|Win32
		{C132833B-36DE-43BB-B24F-154AD2080411}.Debug|x64.ActiveCfg = Debug|x64
		{C132833B-36DE-43BB-B24F-154AD2080411}.Debug|x64.Build.0 = Debug|x64
		{C132833B-36DE-43BB-B24F-154AD2080411}.Debug|x86.ActiveCfg = Debug|Win32
		{C132833B-36DE-43BB-B24F-154AD2080411}.Debug|x86.Build.0 = Debug|Win32
		{C132833B-36DE-43BB-B24F-154AD2080411}.Release|x64.ActiveCfg = Release|x64
		{C132833B-36DE-43BB-B24F-154AD2080411}.Release|x64.Build.0 = Release|x64
		{C132833B-36DE-43BB-B24F-154AD2080411}.Release|x86.ActiveCfg = Release|Win32
		{C132833B-36DE-43BB-B24F-154AD2080411}.Release|x86.Build.0 = Release|Win32
		{0B6F4CA9-8098-4A9D-BE82-3C5C9D610388}.Debug|x64.ActiveCfg = Debug|x64
		{0B6F4CA9-8098-4A9D-BE82-3C5C9D610388}.Debug|x64.Build.0 = Debug|x64
		{0B6F4CA9-8098-4A9D-BE82-3C5C9D610388}.Debug|x86.ActiveCfg = Debug|Win32
		{0B6F4CA9-8098-4A9D-BE82-3C5C9D610388}.Debug|x86.Build.0 = Debug|Win32
		{0B6F4CA9-8098-4A9D-BE82-3C5C9D610388}.Release|x64.ActiveCfg = Release|x64
		{0B6F4CA9-8098-4A9D-BE82-3C5C9D610388}.Release|x64.Build.0 = Release|x64
		{0B6F4CA9-8098-4A9D-BE82-3C5C9D610388}.Release|x86.ActiveCfg = Release|Win32
		{0B6F4CA9-8098-4A9D-BE82-3C5C9D610388}.Release|x86.Build.0 = Release|Win32
		{4743B826-8B92-4736-9F5D-0B45F870753A}.Debug|x64.ActiveCfg = Debug|x64
		{4743B826-8B92-4736-9F5D-0B45F870753A}.Debug|x64.Build.0 = Debug|x64
		{4743B826-8B92-4736-9F5D-0B45F870753A}.Debug|x86.ActiveCfg = Debug|Win32
		{4743B826-8B92-4736-9F5D-0B45F870753A}.Debug|x86.Build.0 = Debug|Win32
		{4743B826-8B92-4736-9F5D-0B45F870753A}.Release|x64.ActiveCfg = Release|x64
		{4743B826-8B92-4736-9F5D-0B45F870753A}.Release|x64.Build.0 = Release|x64
		{4743B826-8B92-4736-9F5D-0B45F870753A}.Release|x86.ActiveCfg = Release|Win32
		{4743B826-8B92-4736-9F5D-0B45F870753A}.Release|x86.Build.0 = Release|Win32
		{EDB2A082-774E-4D24-B14E-71E2E8682DBA}.Debug|x64.ActiveCfg = Debug|x64
		{EDB2A082-774E-4D24-B14E-71E2E8682DBA}.Debug|x64.Build.0 = Debug|x64
		{EDB2A082-774E-4D24-B14E-71E2E8682DBA}.Debug|x86.ActiveCfg = Debug|Win32
		{EDB2A082-774E-4D24-B14E-71E2E8682DBA}.Debug|x86.Build.0 = Debug|Win32
		{EDB2A082-774E-4D24-B14E-71E2E8682DBA}.Release|x64.ActiveCfg = Release|x64
		{EDB2A082-774E-4D24-B14E-71E2E8682DBA}.Release|x64.Build.0 = Release|x64
		{EDB2A082-774E-4D24-B14E-71E2E8682DBA}.Release|x86.ActiveCfg = Release|Win32
		{EDB2A082-774E-4D24-B14E-71E2E8682DBA}.Release|x86.Build.0 = Release|Win32
		{9354996F-8225-4EB1-831E-047FA5BBC8E7}.Debug|x64.ActiveCfg = Debug|x64
		{9354996F-8225-4EB1-831E-047FA5BBC8E7}.Debug|x64.Build.0 = Debug|x64
		{9354996F-8225-4EB1-831E-047FA5BBC8E7}.Debug|x86.ActiveCfg = Debug|Win32
		{9354996F-8225-4EB1-831E-047FA5BBC8E7}.Debug|x86.Build.0 = Debug|Win32
		{9354996F-8225-4EB1-831E-047FA5BBC8E7}.Release|x64.ActiveCfg = Release|x64
		{9354996F-8225-4EB1-831E-047FA5BBC8E7}.Release|x64.Build.0 = Release|x64
		{9354996F-8225-4EB1-831E-047FA5BBC8E7}.Release|x86.ActiveCfg = Release|Win32
		{9354996F-8225-4EB1-831E-047FA5BBC8E7}.Release|x86.Build.0 = Release|Win32
		{39E02A0A-AC0D-41D7-B79D-70E6BFEA7F46}.Debug|x64.ActiveCfg = Debug|x64
		{39E02A0A-AC0D-41D7-B79D-70E6BFEA7F46}.Debug|x64.Build.0 = Debug|x64
		{39E02A0A-AC0D-41D7-B79D-70E6BFEA7F46}.Debug|x86.ActiveCfg = Debug|Win32
		{39E02A0A-AC0D-41D7-B79D-70E6BFEA7F46}.Debug|x86.Build.0 = Debug|Win32
		{39E02A0A-AC0D-41D7-B79D-70E6BFEA7F46}.Release|x64.ActiveCfg = Release|x64
		{39E02A0A-AC0D-41D7-B79D-70E6BFEA7F46}.Release|x64.Build.0 = Release|x64
		{39E02A0A-AC0D-41D7-B79D-70E6BFEA7F46}.Release|x86.ActiveCfg = Release|Win32
		{39E02A0A-AC0D-41D7-B79D-70E6BFEA7F46}.Release|x86.Build.0 = Release|Win32
		{57FB8A17-C600-470D-8727-3437DFFE7ECF}.Debug|x64.ActiveCfg = Debug|x64
		{57FB8A17-C600-470D-8727-3437DFFE7ECF}.Debug|x64.Build.0 = Debug|x64
		{57FB8A17-C600-470D-8727-3437DFFE7ECF}.Debug|x86.ActiveCfg = Debug|Win32
		{57FB8A17-C600-470D-8727-3437DFFE7ECF}.Debug|x86.Build.0 = Debug|Win32
		{57FB8A17-C600-470D-8727-3437DFFE7ECF}.Release|x64.ActiveCfg = Release|x64
		{57FB8A17-C600-470D-8727-3437DFFE7ECF}.Release|x64.Build.0 = Release|x64
		{57FB8A17-C600-470D-8727-3437DFFE7ECF}.Release|x86.ActiveCfg = Release|Win32
		{57FB8A17-C600-470D-8727-3437DFFE7ECF}.Release|x86.Build.0 = Release|Win32
		{E6FF0ED4-F794-43FD-B8EC-DCC44D1C8A1E}.Debug|x64.ActiveCfg = Debug|x64
		{E6FF0ED4-F794-43FD-B8EC-DCC44D1C8A1E}.Debug|x64.Build.0 = Debug|x64
		{E6FF0ED4-F794-43FD-B8EC-DCC44D1C8A1E}.Debug|x86.ActiveCfg = Debug|Win32
		{E6FF0ED4-F794-43FD-B8EC-DCC44D1C8A1E}.Debug|x86.Build.0 = Debug|Win32
		{E6FF0ED4-F794-43FD-B8EC-DCC44D1C8A1E}.Release|x64.ActiveCfg = Release|x64
		{E6FF0ED4-F794-43FD-B8EC-DCC44D1C8A1E}.Release|x64.Build.0 = Release|x64
		{E6FF0ED4-F794-43FD-B8EC-DCC44D1C8A1E}.Release|x86.ActiveCfg = Release|Win32
		{E6FF0ED4-F794-43FD-B8EC-DCC44D1C8A1E}.Release|x86.Build.0 = Release|Win32
		{8B508DBD-9E1B-4225-BA67-1ADC9FBF9FC4}.Debug|x64.ActiveCfg = Debug|x64
		{8B508DBD-9E1B-4225-BA67-1ADC9FBF9FC4}.Debug|x64.Build.0 = Debug|x64
		{8B508DBD-9E1B-4225-BA67-1ADC9FBF9FC4}.Debug|x86.ActiveCfg = Debug|Win32
		{8B508DBD-9E1B-4225-BA67-1ADC9FBF9FC4}.Debug|x86.Build.0 = Debug|Win32
		{8B508DBD-9E1B-4225-BA67-1ADC9FBF9FC4}.Release|x64.ActiveCfg = Release|x64
		{8B508DBD-9E1B-4225-BA67-1ADC9FBF9FC4}.Release|x64.Build.0 = Release|x64
		{8B508DBD-9E1B-4225-BA67-1ADC9FBF9FC4}.Release|x86.ActiveCfg = Release|Win32
		{8B508DBD-9E1B-4225-BA67-1ADC9FBF9FC4}.Release|x86.Build.0 = Release|Win32
		{8B4BCDB3-8E5A-4263-8097-26E015E31D89}.Debug|x64.ActiveCfg = Debug|x64
		{8B4BCDB3-8E5A-4263-8097-26E015E31D89}.Debug|x64.Build.0 = Debug|x64
		{8B4BCDB3-8E5A-4263-8097-26E015E31D89}.Debug|x86.ActiveCfg = Debug|Win32
		{8B4BCDB3-8E5A-4263-8097-26E015E31D89}.Debug|x86.Build.0 = Debug|Win32
		{8B4BCDB3-8E5A-4263-8097-26E015E31D89}.Release|x64.ActiveCfg = Release|x64
		{8B4BCDB3-8E5A-4263-8097-26E015E31D89}.Release|x64.Build.0 = Release|x64
		{8B4BCDB3-8E5A-4263-8097-26E015E31D89}.Release|x86.ActiveCfg = Release|Win32
		{8B4BCDB3-8E5A-4263-8097-26E015E31D89}.Release|x86.Build.0 = Release|Win32
		{5B3DE2B7-5BEE-4490-98A1-3CD38047DDCA}.Debug|x64.ActiveCfg = Debug|x64
		{5B3DE2B7-5BEE-4490-98A1-3CD38047DDCA}.Debug|x64.Build.0 = Debug|x64
		{5B3DE2B7-5BEE-4490-98A1-3CD38047DDCA}.Debug|x86.ActiveCfg = Debug|Win32
		{5B3DE2B7-5BEE-4490-98A1-3CD38047DDCA}.Debug|x86.Build.0 = Debug|Win32
		{5B3DE2B7-5BEE-4490-98A1-3CD38047DDCA}.Release|x64.ActiveCfg = Release|x64
		{5B3DE2B7-5BEE-4490-98A1-3CD38047DDCA}.Release|x64.Build.0 = Release|x64
		{5B3DE2B7-5BEE-4490-98A1-3CD38047DDCA}.Release|x86.ActiveCfg = Release|Win32
		{5B3DE2B7-5BEE-4490-98A1-3CD38047DDCA}.Release|x86.Build.0 = Release|Win32
		{5C144668-9A59-409E-9D5C-F0A27103BA09}.Debug|x64.ActiveCfg = Debug|x64
		{5C144668-9A59-409E-9D5C-F0A27103BA09}.Debug|x64.Build.0 = Debug|x64
		{5C144668-9A59-409E-9D5C-F0A27103BA09}.Debug|x86.ActiveCfg = Debug|Win32
		{5C144668-9A59-409E-9D5C-F0A27103BA09}.Debug|x86.Build.0 = Debug|Win32
		{5C144668-9A59-409E-9D5C-F0A27103BA09}.Release|x64.ActiveCfg = Release|x64
		{5C144668-9A59-409E-9D5C-F0A27103BA09}.Release|x64.Build.0 = Release|x64
		{5C144668-9A59-409E-9D5C-F0A27103BA09}.Release|x86.ActiveCfg = Release|Win32
		{5C144668-9A59-409E-9D5C-F0A27103BA09}.Release|x86.Build.0 = Release|Win32
		{82524745-C858-4883-907A-E445B756CCD3}.Debug|x64.ActiveCfg = Debug|x64
		{82524745-C858-4883-907A-E445B756CCD3}.Debug|x64.Build.0 = Debug|x64
		{82524745-C858-4883-907A-E445B756CCD3}.Debug|x86.ActiveCfg = Debug|Win32
		{82524745-C858-4883-907A-E445B756CCD3}.Debug|x86.Build.0 = Debug|Win32
		{82524745-C858-4883-907A-E445B756CCD3}.Release|x64.ActiveCfg = Release|x64
		{82524745-C858-4883-907A-E445B756CCD3}.Release|x64.Build.0 = Release|x64
		{82524745-C858-4883-907A-E445B756CCD3}.Release|x86.ActiveCfg = Release|Win32
		{82524745-C858-4883-907A-E445B756CCD3}.Release|x86.Build.0 = Release|Win32
		{B971F448-0CBA-4BFF-964E-156FA25F61B2}.Debug|x64.ActiveCfg = Debug|x64
		{B971F448-0CBA-4BFF-964E-156FA25F61B2}.Debug|x64.Build.0 = Debug|x64
		{B971F448-0CBA-4BFF-964E-156FA25F61B2}.Debug|x86.ActiveCfg = Debug|Win32
		{B971F448-0CBA-4BFF-964E-156FA25F61B2}.Debug|x86.Build.0 = Debug|Win32
		{B971F448-0CBA-4BFF-964E-156FA25F61B2}.Release|x64.ActiveCfg = Release|x64
		{B971F448-0CBA-4BFF-964E-156FA25F61B2}.Release|x64.Build.0 = Release|x64
		{B971F448-0CBA-4BFF-964E-156FA25F61B2}.Release|x86.ActiveCfg = Release|Win32
		{B971F448-0CBA-4BFF-964E-156FA25F61B2}.Release|x86.Build.0 = Release|Win32
		{9C6F76D6-5F58-419B-983A-E9718702EA79}.Debug|x64.ActiveCfg = Debug|x64
		{9C6F76D6-5F58-419B-983A-E9718702EA79}.Debug|x64.Build.0 = Debug|x64
		{9C6F76D6-5F58-419B-983A-E9718702EA79}.Debug|x86.ActiveCfg = Debug|Win32
		{9C6F76D6-5F58-419B-983A-E9718702EA79}.Debug|x86.Build.0 = Debug|Win32
		{9C6F76D6-5F58-419B-983A-E9718702EA79}.Release|x64.ActiveCfg = Release|x64
		{9C6F76D6-5F58-419B-983A-E9718702EA79}.Release|x64.Build.0 = Release|x64
		{9C6F76D6-5F58-419B-983A-E9718702EA79}.Release|x86.ActiveCfg = Release|Win32
		{9C6F76D6-5F58-419B-983A-E9718702EA79}.Release|x86.Build.0 = Release|Win32
		{C170A4D0-1303-4BC5-9104-615E1C47DC6A}.Debug|x64.ActiveCfg = Debug|x64
		{C170A4D0-1303-4BC5-9104-615E1C47DC6A}.Debug|x64.Build.0 = Debug|x64
		{C170A4D0-1303-4BC5-9104-615E1C47DC6A}.Debug|x86.ActiveCfg = Debug|Win32
		{C170A4D0-1303-4BC5-9104-615E1C47DC6A}.Debug|x86.Build.0 = Debug|Win32
		{C170A4D0-1303-4BC5-9104-615E1C47DC6A}.Release|x64.ActiveCfg = Release|x64
		{C170A4D0-1303-4BC5-9104-615E1C47DC6A}.Release|x64.Build.0 = Release|x64
		{C170A4D0-1303-4BC5-9104-615E1C47DC6A}.Release|x86.ActiveCfg = Release|Win32
		{C170A4D0-1303-4BC5-9104-615E1C47DC6A}.Release|x86.Build.0 = Release|Win32
		{01BE6C90-CACB-4B80-9BCE-3FA762AA2248}.Debug|x64.ActiveCfg = Debug|x64
		{01BE6C90-CACB-4B80-9BCE-3FA762AA2248}.Debug|x64.Build.0 = Debug|x64
		{01BE6C90-CACB-4B80-9BCE-3FA762AA2248}.Debug|x86.ActiveCfg = Debug|Win32
		{01BE6C90-CACB-4B80-9BCE-3FA762AA2248}.Debug|x86.Build.0 = Debug|Win32
		{01BE6C90-CACB-4B80-9BCE-3FA762AA2248}.Release|x64.ActiveCfg = Release|x64
		{01BE6C90-CACB-4B80-9BCE-3FA762AA2248}.Release|x64.Build.0 = Release|x64
		{01BE6C90-CACB-4B80-9BCE-3FA762AA2248}.Release|x86.ActiveCfg = Release|Win32
		{01BE6C90-CACB-4B80-9BCE-3FA762AA2248}.Release|x86.Build.0 = Release|Win32
		{BBF59323-971F-4AF6-BC35-D48034EC928D}.Debug|x64.ActiveCfg = Debug|x64
		{BBF59323-971F-4AF6-BC35-D48034EC928D}.Debug|x64.Build.0 = Debug|x64
		{BBF59323-971F-4AF6-BC35-D48034EC928D}.Debug|x86.ActiveCfg = Debug|Win32
		{BBF59323-971F-4AF6-BC35-D48034EC928D}.Debug|x86.Build.0 = Debug|Win32
		{BBF59323-971F-4AF6-BC35-D48034EC928D}.Release|x64.ActiveCfg = Release|x64
		{BBF59323-971F-4AF6-BC35-D48034EC928D}.Release|x64.Build.0 = Release|x64
		{BBF59323-971F-4AF6-BC35-D48034EC928D}.Release|x86.ActiveCfg = Release|Win32
		{BBF59323-971F-4AF6-BC35-D48034EC928D}.Release|x86.Build.0 = Release|Win32
		{A62355D8-95AB-429A-A359-31DA098F379A}.Debug|x64.ActiveCfg = Debug|x64
		{A62355D8-95AB-429A-A359-31DA098F379A}.Debug|x64.Build.0 = Debug|x64
		{A62355D8-95AB-429A-A359-31DA098F379A}.Debug|x86.ActiveCfg = Debug|Win32
		{A62355D8-95AB-429A-A359-31DA098F379A}.Debug|x86.Build.0 = Debug|Win32
		{A62355D8-95AB-429A-A359-31DA098F379A}.Release|x64.ActiveCfg = Release|x64
		{A62355D8-95AB-429A-A359-31DA098F379A}.Release|x64.Build.0 = Release|x64
		{A62355D8-95AB-429A-A359-31DA098F379A}.Release|x86.ActiveCfg = Release|Win32
		{A62355D8-95AB-429A-A359-31DA098F379A}.Release|x86.Build.0 = Release|Win32
		{48F79CE8-252C-46EA-8BF4-1052B4E21E26}.Debug|x64.ActiveCfg = Debug|x64
		{48F79CE8-252C-46EA-8BF4-1052B4E21E26}.Debug|x64.Build.0 = Debug|x64
		{48F79CE8-252C-46EA-8BF4-1052B4E21E26}.Debug|x86.ActiveCfg = Debug|Win32
		{48F79CE8-252C-46EA-8BF4-1052B4E21E26}.Debug|x86.Build.0 = Debug|Win32
		{48F79CE8-252C-46EA-8BF4-1052B4E21E26}.Release|x64.ActiveCfg = Release|x64
		{48F79CE8-252C-46EA-8BF4-1052B4E21E26}.Release|x64.Build.0 = Release|x64
		{48F79CE8-252C-46EA-8BF4-1052B4E21E26}.Release|x86.ActiveCfg = Release|Win32
		{48F79CE8-252C-46EA-8BF4-1052B4E21E26}.Release|x86.Build.0 = Release|Win32
		{8616D25B-9490-4298-8B2B-5C2E24309FCC}.Debug|x64.ActiveCfg = Debug|x64
		{8616D25B-9490-4298-8B2B-5C2E24309FCC}.Debug|x64.Build.0 = Debug|x64
		{8616D25B-9490-4298-8B2B-5C2E24309FCC}.Debug|x86.ActiveCfg = Debug|Win32
		{8616D25B-9490-4298-8B2B-5C2E24309FCC}.Debug|x86.Build.0 = Debug|Win32
		{8616D25B-9490-4298-8B2B-5C2E24309FCC}.Release|x64.ActiveCfg = Release|x64
		{8616D25B-9490-4298-8B2B-5C2E24309FCC}.Release|x64.Build.0 = Release|x64
		{8616D25B-9490-4298-8B2B-5C2E24309FCC}.Release|x86.ActiveCfg = Release|Win32
		{8616D25B-9490-4298-8B2B-5C2E24309FCC}.Release|x86.Build.0 = Release|Win32
		{DE9C1CB8-6EF6-47CC-983F-05D42C40E057}.Debug|x64.ActiveCfg = Debug|x64
		{DE9C1CB8-6EF6-47CC-983F-05D42C40E057}.Debug|x64.Build.0 = Debug|x64
		{DE9C1CB8-6EF6-47CC-983F-05D42C40E057}.Debug|x86.ActiveCfg = Debug|Win32
		{DE9C1CB8-6EF6-47CC-983F-05D42C40E057}.Debug|x86.Build.0 = Debug|Win32
		{DE9C1CB8-6EF6-47CC-983F-05D42C40E057}.Release|x64.ActiveCfg = Release|x64
		{DE9C1CB8-6EF6-47CC-983F-05D42C40E057}.Release|x64.Build.0 = Release|x64
		{DE9C1CB8-6EF6-47CC-983F-05D42C40E057}.Release|x86.ActiveCfg = Release|Win32
		{DE9C1CB8-6EF6-47CC-983F-05D42C40E057}.Release|x86.Build.0 = Release|Win32
		{35ADFD21-F692-4C89-B0DF-86598D7E5732}.Debug|x64.ActiveCfg = Debug|x64
		{35ADFD21-F692-4C89-B0DF-86598D7E5732}.Debug|x64.Build.0 = Debug|x64
		{35ADFD21-F692-4C89-B0DF-86598D7E5732}.Debug|x86.ActiveCfg = Debug|Win32
		{35ADFD21-F692-4C89-B0DF-86598D7E5732}.Debug|x86.Build.0 = Debug|Win32
		{35ADFD21-F692-4C89-B0DF-86598D7E5732}.Release|x64.ActiveCfg = Release|x64
		{35ADFD21-F692-4C89-B0DF-86598D7E5732}.Release|x64.Build.0 = Release|x64
		{35ADFD21-F692-4C89-B0DF-86598D7E5732}.Release|x86.ActiveCfg = Release|Win32
		{35ADFD21-F692-4C89-B0DF-86598D7E5732}.Release|x86.Build.0 = Release|Win32
		{AD343057-C7F5-4194-840C-C7C46451CD89}.Debug|x64.ActiveCfg = Debug|x64
		{AD343057-C7F5-4194-840C-C7C46451CD89}.Debug|x64.Build.0 = Debug|x64
		{AD343057-C7F5-4194-840C-C7C46451CD89}.Debug|x86.ActiveCfg = Debug|Win32
		{AD343057-C7F5-4194-840C-C7C46451CD89}.Debug|x86.Build.0 = Debug|Win32
		{AD343057-C7F5-4194-840C-C7C46451CD89}.Release|x64.ActiveCfg = Release|x64
		{AD343057-C7F5-4194-840C-C7C46451CD89}.Release|x64.Build.0 = Release|x64
		{AD343057-C7F5-4194-840C-C7C46451CD89}.Release|x86.ActiveCfg = Release|Win32
		{AD343057-C7F5-4194-840C-C7C46451CD89}.Release|x86.Build.0 = Release|Win32
		{71DC17B7-AC14-4BB1-874B-92C8180DAD29}.Debug|x64.ActiveCfg = Debug|x64
		{71DC17B7-AC14-4BB1-874B-92C8180DAD29}.Debug|x64.Build.0 = Debug|x64
		{71DC17B7-AC14-4BB1-874B-92C8180DAD29}.Debug|x86.ActiveCfg = Debug|Win32
		{71DC17B7-AC14-4BB1-874B-92C8180DAD29}.Debug|x86.Build.0 = Debug|Win32
		{71DC17B7-AC14-4BB1-874B-92C8180DAD29}.Release|x64.ActiveCfg = Release|x64
		{71DC17B7-AC14-4BB1-874B-92C8180DAD29}.Release|x64.Build.0 = Release|x64
		{71DC17B7-AC14-4BB1-874B-92C8180DAD29}.Release|x86.ActiveCfg = Release|Win32
		{71DC17B7-AC14-4BB1-874B-92C8180DAD29}.Release|x86.Build.0 = Release|Win32
		{A6601057-14D2-4963-BB4C-A11C89727F4E}.Debug|x64.ActiveCfg = Debug|x64
		{A6601057-14D2-4963-BB4C-A11C89727F4E}.Debug|x64.Build.0 = Debug|x64
		{A6601057-14D2-4963-BB4C-A11C89727F4E}.Debug|x86.ActiveCfg = Debug|Win32
		{A6601057-14D2-4963-BB4C-A11C89727F4E}.Debug|x86.Build.0 = Debug|Win32
		{A6601057-14D2-4963-BB4C-A11C89727F4E}.Release|x64.ActiveCfg = Release|x64
		{A6601057-14D2-4963-BB4C-A11C89727F4E}.Release|x64.Build.0 = Release|x64
		{A6601057-14D2-4963-BB4C-A11C89727F4E}.Release|x86.ActiveCfg = Release|Win32
		{A6601057-14D2-4963-BB4C-A11C89727F4E}.Release|x86.Build.0 = Release|Win32
		{E17F3211-77AD-4636-8880-5DC3EC95EA4A}.Debug|x64.ActiveCfg = Debug|x64
		{E17F3211-77AD-4636-8880-5DC3EC95EA4A}.Debug|x64.Build.0 = Debug|x64
		{E17F3211-77AD-4636-8880-5DC3EC95EA4A}.Debug|x86.ActiveCfg = Debug|Win32
		{E17F3211-77AD-4636-8880-5DC3EC95EA4A}.Debug|x86.Build.0 = Debug|Win32
		{E17F3211-77AD-4636-8880-5DC3EC95EA4A}.Release|x64.ActiveCfg = Release|x64
		{E17F3211-77AD-4636-8880-5DC3EC95EA4A}.Release|x64.Build.0 = Release|x64
		{E17F3211-77AD-4636-8880-5DC3EC95EA4A}.Release|x86.ActiveCfg = Release|Win32
		{E17F3211-77AD-4636-8880-5DC3EC95EA4A}.Release|x86.Build.0 = Release|Win32
		{2F248789-690F-4042-B21F-9A3DB3CAB43C}.Debug|x64.ActiveCfg = Debug|x64
		{2F248789-690F-4042-B21F-9A3DB3CAB43C}.Debug|x64.Build.0 = Debug|x64
		{2F248789-690F-4042-B21F-9A3DB3CAB43C}.Debug|x86.ActiveCfg = Debug|Win32
		{2F248789-690F-4042-B21F-9A3DB3CAB43C}.Debug|x86.Build.0 = Debug|Win32
		{2F248789-690F-4042-B21F-9A3DB3CAB43C}.Release|x64.ActiveCfg = Release|x64
		{2F248789-690F-4042-B21F-9A3DB3CAB43C}.Release|x64.Build.0 = Release|x64
		{2F248789-690F-4042-B21F-9A3DB3CAB43C}.Release|x86.ActiveCfg = Release|Win32
		{2F248789-690F-4042-B21F-9A3DB3CAB43C}.Release|x86.Build.0 = Release|Win32
		{4534BA12-4353-4351-9129-C06488EE58B8}.Debug|x64.ActiveCfg = Debug|x64
		{4534BA12-4353-4351-9129-C06488EE58B8}.Debug|x64.Build.0 = Debug|x64
		{4534BA12-4353-4351-9129-C06488EE58B8}.Debug|x86.ActiveCfg = Debug|Win32
		{4534BA12-4353-4351-9129-C06488EE58B8}.Debug|x86.Build.0 = Debug|Win32
		{4534BA12-4353-4351-9129-C06488EE58B8}.Release|x64.ActiveCfg = Release|x64
		{4534BA12-4353-4351-9129-C06488EE58B8}.Release|x64.Build.0 = Release|x64
		{4534BA12-4353-4351-9129-C06488EE58B8}.Release|x86.ActiveCfg = Release|Win32
		{4534BA12-4353-4351-9129-C06488EE58B8}.Release|x86.Build.0 = Release|Win32
		{81F6386B-446E-470A-8479-2AE7B42B9C0D}.Debug|x64.ActiveCfg = Debug|x64
		{81F6386B-446E-470A-8479-2AE7B42B9C0D}.Debug|x64.Build.0 = Debug|x64
		{81F6386B-446E-470A-8479-2AE7B42B9C0D}.Debug|x86.ActiveCfg = Debug|Win32
		{81F6386B-446E-470A-8479-2AE7B42B9C0D}.Debug|x86.Build.0 = Debug|Win32
		{81F6386B-446E-470A-8479-2AE7B42B9C0D}.Release|x64.ActiveCfg = Release|x64
		{81F6386B-446E-470A-8479-2AE7B42B9C0D}.Release|x64.Build.0 = Release|x64
		{81F6386B-446E-470A-8479-2AE7B42B9C0D}.Release|x86.ActiveCfg = Release|Win32
		{81F6386B-446E-470A-8479-2AE7B42B9C0D}.Release|x86.Build.0 = Release|Win32
		{7129BA04-E74D-40B2-991E-9999F0771C90}.Debug|x64.ActiveCfg = Debug|x64
		{7129BA04-E74D-40B2-991E-9999F0771C90}.Debug|x64.Build.0 = Debug|x64
		{7129BA04-E74D-40B2-991E-9999F0771C90}.Debug|x86.ActiveCfg = Debug|Win32
		{7129BA04-E74D-40B2-991E-9999F0771C90}.Debug|x86.Build.0 = Debug|Win32
		{7129BA04-E74D-40B2-991E-9999F0771C90}.Release|x64.ActiveCfg = Release|x64
		{7129BA04-E74D-40B2-991E-9999F0771C90}.Release|x64.Build.0 = Release|x64
		{7129BA04-E74D-40B2-991E-9999F0771C90}.Release|x86.ActiveCfg = Release|Win32
		{7129BA04-E74D-40B2-991E-9999F0771C90}.Release|x86.Build.0 = Release|Win32
		{121524A3-818D-4649-B065-50D38262851F}.Debug|x64.ActiveCfg = Debug|x64
		{121524A3-818D-4649-B065-50D38262851F}.Debug|x64.Build.0 = Debug|x64
		{121524A3-818D-4649-B065-50D38262851F}.Debug|x86.ActiveCfg = Debug|Win32
		{121524A3-818D-4649-B065-50D38262851F}.Debug|x86.Build.0 = Debug|Win32
		{121524A3-818D-4649-B065-50D38262851F}.Release|x64.ActiveCfg = Release|x64
		{121524A3-818D-4649-B065-50D38262851F}.Release|x64.Build.0 = Release|x64
		{121524A3-818D-4649-B065-50D38262851F}.Release|x86.ActiveCfg = Release|Win32
		{121524A3-818D-4649-B065-50D38262851F}.Release|x86.Build.0 = Release|Win32
		{E17D802F-4AE5-4204-BE74-1F71CC11E3D2}.Debug|x64.ActiveCfg = Debug|x64
		{E17D802F-4AE5-4204-BE74-1F71CC11E3D2}.Debug|x64.Build.0 = Debug|x64
		{E17D802F-4AE5-4204-BE74-1F71CC11E3D2}.Debug|x86.ActiveCfg = Debug|Win32
		{E17D802F-4AE5-4204-BE74-1F71CC11E3D2}.Debug|x86.Build.0 = Debug|Win32
		{E17D802F-4AE5-4204-BE74-1F71CC11E3D2}.Release|x64.ActiveCfg = Release|x64
		{E17D802F-4AE5-4204-BE74-1F71CC11E3D2}.Release|x64.Build.0 = Release|x64
		{E17D802F-4AE5-4204-BE74-1F71CC11E3D2}.Release|x86.ActiveCfg = Release|Win32
		{E17D802F-4AE5-4204-BE74-1F71CC11E3D2}.Release|x86.Build.0 = Release|Win32
		{58D02460-30D1-4C26-89AD-E297657267E6}.Debug|x64.ActiveCfg = Debug|x64
		{58D02460-30D1-4C26-89AD-E297657267E6}.Debug|x64.Build.0 = Debug|x64
		{58D02460-30D1-4C26-89AD-E297657267E6}.Debug|x86.ActiveCfg = Debug|Win32
		{58D02460-30D1-4C26-89AD-E297657267E6}.Debug|x86.Build.0 = Debug|Win32
		{58D02460-30D1-4C26-89AD-E297657267E6}.Release|x64.ActiveCfg = Release|x64
		{58D02460-30D1-4C26-89AD-E297657267E6}.Release|x64.Build.0 = Release|x64
		{58D02460-30D1-4C26-89AD-E297657267E6}.Release|x86.ActiveCfg = Release|Win32
		{58D02460-30D1-4C26-89AD-E297657267E6}.Release|x86.Build.0 = Release|Win32
		{209FD661-99EA-47E1-B8C5-4A4C21A98F60}.Debug|x64.ActiveCfg = Debug|x64
		{209FD661-99EA-47E1-B8C5-4A4C21A98F60}.Debug|x64.Build.0 = Debug|x64
		{209FD661-99EA-47E1-B8C5-4A4C21A98F60}.Debug|x86.ActiveCfg = Debug|Win32
		{209FD661-99EA-47E1-B8C5-4A4C21A98F60}.Debug|x86.Build.0 = Debug|Win32
		{209FD661-99EA-47E1-B8C5-4A4C21A98F60}.Release|x64.ActiveCfg = Release|x64
		{209FD661-99EA-47E1-B8C5-4A4C21A98F60}.Release|x64.Build.0 = Release|x64
		{209FD661-99EA-47E1-B8C5-4A4C21A98F60}.Release|x86.ActiveCfg = Release|Win32
		{209FD661-99EA-47E1-B8C5-4A4C21A98F60}.Release|x86.Build.0 = Release|Win32
		{58FCC380-1A2C-4305-9AD9-F6DC88669931}.Debug|x64.ActiveCfg = Debug|x64
		{58FCC380-1A2C-4305-9AD9-F6DC88669931}.Debug|x64.Build.0 = Debug|x64
		{58FCC380-1A2C-4305-9AD9-F6DC88669931}.Debug|x86.ActiveCfg = Debug|Win32
		{58FCC380-1A2C-4305-9AD9-F6DC88669931}.Debug|x86.Build.0 = Debug|Win32
		{58FCC380-1A2C-4305-9AD9-F6DC88669931}.Release|x64.ActiveCfg = Release|x64
		{58FCC380-1A2C-4305-9AD9-F6DC88669931}.Release|x64.Build.0 = Release|x64
		{58FCC380-1A2C-4305-9AD9-F6DC88669931}.Release|x86.ActiveCfg = Release|Win32
		{58FCC380-1A2C-4305-9AD9-F6DC88669931}.Release|x86.Build.0 = Release|Win32
		{B4FEDD24-F076-4377-9474-41903C19BD2B}.Debug|x64.ActiveCfg = Debug|x64
		{B4FEDD24-F076-4377-9474-41903C19BD2B}.Debug|x64.Build.0 = Debug|x64
		{B4FEDD24-F076-4377-9474-41903C19BD2B}.Debug|x86.ActiveCfg = Debug|Win32
		{B4FEDD24-F076-4377-9474-41903C19BD2B}.Debug|x86.Build.0 = Debug|Win32
		{B4FEDD24-F076-4377-9474-41903C19BD2B}.Release|x64.ActiveCfg = Release|x64
		{B4FEDD24-F076-4377-9474-41903C19BD2B}.Release|x64.Build.0 = Release|x64
		{B4FEDD24-F076-4377-9474-41903C19BD2B}.Release|x86.ActiveCfg = Release|Win32
		{B4FEDD24-F076-4377-9474-41903C19BD2B}.Release|x86.Build.0 = Release|Win32
		{79D69AF2-1353-4A56-BE62-49FEA7CE8E64}.Debug|x64.ActiveCfg = Debug|x64
		{79D69AF2-1353-4A56-BE62-49FEA7CE8E64}.Debug|x64.Build.0 = Debug|x64
		{79D69AF2-1353-4A56-BE62-49FEA7CE8E64}.Debug|x86.ActiveCfg = Debug|Win32
		{79D69AF2-1353-4A56-BE62-49FEA7CE8E64}.Debug|x86.Build.0 = Debug|Win32
		{79D69AF2-1353-4A56-BE62-49FEA7CE8E64}.Release|x64.ActiveCfg = Release|x64
		{79D69AF2-1353-4A56-BE62-49FEA7CE8E64}.Release|x64.Build.0 = Release|x64
		{79D69AF2-1353-4A56-BE62-49FEA7CE8E64}.Release|x86.ActiveCfg = Release|Win32
		{79D69AF2-1353-4A56-BE62-49FEA7CE8E64}.Release|x86.Build.0 = Release|Win32
		{99FE1990-6B84-41C3-93B1-120CCA8D77BC}.Debug|x64.ActiveCfg = Debug|x64
		{99FE1990-6B84-41C3-93B1-120CCA8D77BC}.Debug|x64.Build.0 = Debug|x64
		{99FE1990-6B84-41C3-93B1-120CCA8D77BC}.Debug|x86.ActiveCfg = Debug|Win32
		{99FE1990-6B84-41C3-93B1-120CCA8D77BC}.Debug|x86.Build.0 = Debug|Win32
		{99FE1990-6B84-41C3-93B1-120CCA8D77BC}.Release|x64.ActiveCfg = Release|x64
		{99FE1990-6B84-41C3-93B1-120CCA8D77BC}.Release|x64.Build.0 = Release|x64
		{99FE1990-6B84-41C3-93B1-120CCA8D77BC}.Release|x86.ActiveCfg = Release|Win32
		{99FE1990-6B84-41C3-93B1-120CCA8D77BC}.Release|x86.Build.0 = Release|Win32
		{AC48C93D-75FF-461D-92CF-2B38D64DC637}.Debug|x64.ActiveCfg = Debug|x64
		{AC48C93D-75FF-461D-92CF-2B38D64DC637}.Debug|x64.Build.0 = Debug|x64
		{AC48C93D-75FF-461D-92CF-2B38D64DC637}.Debug|x86.ActiveCfg = Debug|Win32
		{AC48C93D-75FF-461D-92CF-2B38D64DC637}.Debug|x86.Build.0 = Debug|Win32
		{AC48C93D-75FF-461D-92CF-2B38D64DC637}.Release|x64.ActiveCfg = Release|x64
		{AC48C93D-75FF-461D-92CF-2B38D64DC637}.Release|x64.Build.0 = Release|x64
		{AC48C93D-75FF-461D-92CF-2B38D64DC637}.Release|x86.ActiveCfg = Release|Win32
		{AC48C93D-75FF-461D-92CF-2B38D64DC637}.Release|x86.Build.0 = Release|Win32
		{6961AD66-8D5F-4C46-AFE9-2C32656BD27D}.Debug|x64.ActiveCfg = Debug|x64
		{6961AD66-8D5F-4C46-AFE9-2C32656BD27D}.Debug|x64.Build.0 = Debug|x64
		{6961AD66-8D5F-4C46-AFE9-2C32656BD27D}.Debug|x86.ActiveCfg = Debug|Win32
		{6961AD66-8D5F-4C46-AFE9-2C32656BD27D}.Debug|x86.Build.0 = Debug|Win32
		{6961AD66-8D5F-4C46-AFE9-2C32656BD27D}.Release|x64.ActiveCfg = Release|x64
		{6961AD66-8D5F-4C46-AFE9-2C32656BD27D}.Release|x64.Build.0 = Release|x64
		{6961AD66-8D5F-4C46-AFE9-2C32656BD27D}.Release|x86.ActiveCfg = Release|Win32
		{6961AD66-8D5F-4C46-AFE9-2C32656BD27D}.Release|x86.Build.0 = Release|Win32
		{D2E08BF1-4935-42AE-BA13-122844C4508E}.Debug|x64.ActiveCfg = Debug|x64
		{D2E08BF1-4935-42AE-BA13-122844C4508E}.Debug|x64.Build.0 = Debug|x64
		{D2E08BF1-4935-42AE-BA13-122844C4508E}.Debug|x86.ActiveCfg = Debug|Win32
		{D2E08BF1-4935-42AE-BA13-122844C4508E}.Debug|x86.Build.0 = Debug|Win32
		{D2E08BF1-4935-42AE-BA13-122844C4508E}.Release|x64.ActiveCfg = Release|x64
		{D2E08BF1-4935-42AE-BA13-122844C4508E}.Release|x64.Build.0 = Release|x64
		{D2E08BF1-4935-42AE-BA13-122844C4508E}.Release|x86.ActiveCfg = Release|Win32
		{D2E08BF1-4935-42AE-BA13-122844C4508E}.Release|x86.Build.0 = Release|Win32
		{177C7E94-563B-4947-9962-2ADCECE46162}.Debug|x64.ActiveCfg = Debug|x64
		{177C7E94-563B-4947-9962-2ADCECE46162}.Debug|x64.Build.0 = Debug|x64
		{177C7E94-563B-4947-9962-2ADCECE46162}.Debug|x86.ActiveCfg = Debug|Win32
		{177C7E94-563B-4947-9962-2ADCECE46162}.Debug|x86.Build.0 = Debug|Win32
		{177C7E94-563B-4947-9962-2ADCECE46162}.Release|x64.ActiveCfg = Release|x64
		{177C7E94-563B-4947-9962-2ADCECE46162}.Release|x64.Build.0 = Release|x64
		{177C7E94-563B-4947-9962-2ADCECE46162}.Release|x86.ActiveCfg = Release|Win32
		{177C7E94-563B-4947-9962-2ADCECE46162}.Release|x86.Build.0 = Release|Win32
		{60EAC3CF-564C-4F3B-9B1F-3B77B63C960B}.Debug|x64.ActiveCfg = Debug|x64
		{60EAC3CF-564C-4F3B-9B1F-3B77B63C960B}.Debug|x64.Build.0 = Debug|x64
		{60EAC3CF-564C-4F3B-9B1F-3B77B63C960B}.Debug|x86.ActiveCfg = Debug|Win32
		{60EAC3CF-564C-4F3B-9B1F-3B77B63C960B}.Debug|x86.Build.0 = Debug|Win32
		{60EAC3CF-564C-4F3B-9B1F-3B77B63C960B}.Release|x64.ActiveCfg = Release|x64
		{60EAC3CF-564C-4F3B-9B1F-3B77B63C960B}.Release|x64.Build.0 = Release|x64
		{60EAC3CF-564C-4F3B-9B1F-3B77B63C960B}.Release|x86.ActiveCfg = Release|Win32
		{60EAC3CF-564C-4F3B-9B1F-3B77B63C960B}.Release|x86.Build.0 = Release|Win32
		{6A8BFC82-5739-4220-AE8B-BCDA6A51BEA2}.Debug|x64.ActiveCfg = Debug|x64
		{6A8BFC82-5739-4220-AE8B-BCDA6A51BEA2}.Debug|x64.Build.0 = Debug|x64
		{6A8BFC82-5739-4220-AE8B-BCDA6A51BEA2}.Debug|x86.ActiveCfg = Debug|Win32
		{6A8BFC82-5739-4220-AE8B-BCDA6A51BEA2}.Debug|x86.Build.0 = Debug|Win32
		{6A8BFC82-5739-4220-AE8B-BCDA6A51BEA2}.Release|x64.ActiveCfg = Release|x64
		{6A8BFC82-5739-4220-AE8B-BCDA6A51BEA2}.Release|x64.Build.0 = Release|x64
		{6A8BFC82-5739-4220-AE8B-BCDA6A51BEA2}.Release|x86.ActiveCfg = Release|Win32
		{6A8BFC82-5739-4220-AE8B-BCDA6A51BEA2}.Release|x86.Build.0 = Release|Win32
		{EA7C1F2A-DE11-431F-99DD-CFCAC00ED12C}.Debug|x64.ActiveCfg = Debug|x64
		{EA7C1F2A-DE11-431F-99DD-CFCAC00ED12C}.Debug|x64.Build.0 = Debug|x64
		{EA7C1F2A-DE11-431F-99DD-CFCAC00ED12C}.Debug|x86.ActiveCfg = Debug|Win32
		{EA7C1F2A-DE11-431F-99DD-CFCAC00ED12C}.Debug|x86.Build.0 = Debug|Win32
		{EA7C1F2A-DE11-431F-99DD-CFCAC00ED12C}.Release|x64.ActiveCfg = Release|x64
		{EA7C1F2A-DE11-431F-99DD-CFCAC00ED12C}.Release|x64.Build.0 = Release|x64
		{EA7C1F2A-DE11-431F-99DD-CFCAC00ED12C}.Release|x86.ActiveCfg = Release|Win32
		{EA7C1F2A-DE11-431F-99DD-CFCAC00ED12C}.Release|x86.Build.0 = Release|Win32
		{107FCD6B-6391-439D-8CC6-F1A1F3F639FF}.Debug|x64.ActiveCfg = Debug|x64
		{107FCD6B-6391-439D-8CC6-F1A1F3F639FF}.Debug|x64.Build.0 = Debug|x64
		{107FCD6B-6391-439D-8CC6-F1A1F3F639FF}.Debug|x86.ActiveCfg = Debug|Win32
		{107FCD6B-6391-439D-8CC6-F1A1F3F639FF}.Debug|x86.Build.0 = Debug|Win32
		{107FCD6B-6391-439D-8CC6-F1A1F3F639FF}.Release|x64.ActiveCfg = Release|x64
		{107FCD6B-6391-439D-8CC6-F1A1F3F639FF}.Release|x64.Build.0 = Release|x64
		{107FCD6B-6391-439D-8CC6-F1A1F3F639FF}.Release|x86.ActiveCfg = Release|Win32
		{107FCD6B-6391-439D-8CC6-F1A1F3F639FF}.Release|x86.Build.0 = Release|Win32
		{28A04FBA-1942-4003-9CCE-8579B4E3F8BD}.Debug|x64.ActiveCfg = Debug|x64
		{28A04FBA-1942-4003-9CCE-8579B4E3F8BD}.Debug|x64.Build.0 = Debug|x64
		{28A04FBA-1942-4003-9CCE-8579B4E3F8BD}.Debug|x86.ActiveCfg = Debug|Win32
		{28A04FBA-1942-4003-9CCE-8579B4E3F8BD}.Debug|x86.Build.0 = Debug|Win32
		{28A04FBA-1942-4003-9CCE-8579B4E3F8BD}.Release|x64.ActiveCfg = Release|x64
		{28A04FBA-1942-4003-9CCE-8579B4E3F8BD}.Release|x64.Build.0 = Release|x64
		{28A04FBA-1942-4003-9CCE-8579B4E3F8BD}.Release|x86.ActiveCfg = Release|Win32
		{28A04FBA-1942-4003-9CCE-8579B4E3F8BD}.Release|x86.Build.0 = Release|Win32
		{D1A9A5E4-68A7-4F81-B79F-5C30F76AAADC}.Debug|x64.ActiveCfg = Debug|x64
		{D1A9A5E4-68A7-4F81-B79F-5C30F76AAADC}.Debug|x64.Build.0 = Debug|x64
		{D1A9A5E4-68A7-4F81-B79F-5C30F76AAADC}.Debug|x86.ActiveCfg = Debug|Win32
		{D1A9A5E4-68A7-4F81-B79F-5C30F76AAADC}.Debug|x86.Build.0 = Debug|Win32
		{D1A9A5E4-68A7-4F81-B79F-5C30F76AAADC}.Release|x64.ActiveCfg = Release|x64
		{D1A9A5E4-68A7-4F81-B79F-5C30F76AAADC}.Release|x64.Build.0 = Release|x64
		{D1A9A5E4-68A7-4F81-B79F-5C30F76AAADC}.Release|x86.ActiveCfg = Release|Win32
		{D1A9A5E4-68A7-4F81-B79F-5C30F76AAADC}.Release|x86.Build.0 = Release|Win32
		{06FA667F-C1A8-4E42-94F1-4E31F130400E}.Debug|x64.ActiveCfg = Debug|x64
		{06FA667F-C1A8-4E42-94F1-4E31F130400E}.Debug|x64.Build.0 = Debug|x64
		{06FA667F-C1A8-4E42-94F1-4E31F130400E}.Debug|x86.ActiveCfg = Debug|Win32
		{06FA667F-C1A8-4E42-94F1-4E31F130400E}.Debug|x86.Build.0 = Debug|Win32
		{06FA667F-C1A8-4E42-94F1-4E31F130400E}.Release|x64.ActiveCfg = Release|x64
		{06FA667F-C1A8-4E42-94F1-4E31F130400E}.Release|x64.Build.0 = Release|x64
		{06FA667F-C1A8-4E42-94F1-4E31F130400E}.Release|x86.ActiveCfg = Release|Win32
		{06FA667F-C1A8-4E42-94F1-4E31F130400E}.Release|x86.Build.0 = Release|Win32
		{F00FF618-A9F6-4D28-9291-7947ADAA34EE}.Debug|x64.ActiveCfg = Debug|x64
		{F00FF618-A9F6-4D28-9291-7947ADAA34EE}.Debug|x64.Build.0 = Debug|x64
		{F00FF618-A9F6-4D28-9291-7947ADAA34EE}.Debug|x86.ActiveCfg = Debug|Win32
		{F00FF618-A9F6-4D28-9291-7947ADAA34EE}.Debug|x86.Build.0 = Debug|Win32
		{F00FF618-A9F6-4D28-9291-7947ADAA34EE}.Release|x64.ActiveCfg = Release|x64
		{F00FF618-A9F6-4D28-9291-7947ADAA34EE}.Release|x64.Build.0 = Release|x64
		{F00FF618-A9F6-4D28-9291-7947ADAA34EE}.Release|x86.ActiveCfg = Release|Win32
		{F00FF618-A9F6-4D28-9291-7947ADAA34EE}.Release|x86.Build.0 = Release|Win32
		{50F4D12A-03C6-42D8-9199-16B42558A5B2}.Debug|x64.ActiveCfg = Debug|x64
		{50F4D12A-03C6-42D8-9199-16B42558A5B2}.Debug|x64.Build.0 = Debug|x64
		{50F4D12A-03C6-42D8-9199-16B42558A5B2}.Debug|x86.ActiveCfg = Debug|Win32
		{50F4D12A-03C6-42D8-9199-16B42558A5B2}.Debug|x86.Build.0 = Debug|Win32
		{50F4D12A-03C6-42D8-9199-16B42558A5B2}.Release|x64.ActiveCfg = Release|x64
		{50F4D12A-03C6-42D8-9199-16B42558A5B2}.Release|x64.Build.0 = Release|x64
		{50F4D12A-03C6-42D8-9199-16B42558A5B2}.Release|x86.ActiveCfg = Release|Win32
		{50F4D12A-03C6-42D8-9199-16B42558A5B2}.Release|x86.Build.0 = Release|Win32
		{FCD8986E-DAD2-4D31-92FD-A531CBD327CE}.Debug|x64.ActiveCfg = Debug|x64
		{FCD8986E-DAD2-4D31-92FD-A531CBD327CE}.Debug|x64.Build.0 = Debug|x64
		{FCD8986E-DAD2-4D31-92FD-A531CBD327CE}.Debug|x86.ActiveCfg = Debug|Win32
		{FCD8986E-DAD2-4D31-92FD-A531CBD327CE}.Debug|x86.Build.0 = Debug|Win32
		{FCD8986E-DAD2-4D31-92FD-A531CBD327CE}.Release|x64.ActiveCfg = Release|x64
		{FCD8986E-DAD2-4D31-92FD-A531CBD327CE}.Release|x64.Build.0 = Release|x64
		{FCD8986E-DAD2-4D31-92FD-A531CBD327CE}.Release|x86.ActiveCfg = Release|Win32
		{FCD8986E-DAD2-4D31-92FD-A531CBD327CE}.Release|x86.Build.0 = Release|Win32
		{90E3566D-CC61-45FB-962D-8A32D9090D84}.Debug|x64.ActiveCfg = Debug|x64
		{90E3566D-CC61-45FB-962D-8A32D9090D84}.Debug|x64.Build.0 = Debug|x64
		{90E3566D-CC61-45FB-962D-8A32D9090D84}.Debug|x86.ActiveCfg = Debug|Win32
		{90E3566D-CC61-45FB-962D-8A32D9090D84}.Debug|x86.Build.0 = Debug|Win32
		{90E3566D-CC61-45FB-962D-8A32D9090D84}.Release|x64.ActiveCfg = Release|x64
		{90E3566D-CC61-45FB-962D-8A32D9090D84}.Release|x64.Build.0 = Release|x64
		{90E3566D-CC61-45FB-962D-8A32D9090D84}.Release|x86.ActiveCfg = Release|Win32
		{90E3566D-CC61-45FB-962D-8A32D9090D84}.Release|x86.Build.0 = Release|Win32
		{47C758F0-B920-426F-A22C-20F609482064}.Debug|x64.ActiveCfg = Debug|x64
		{47C758F0-B920-426F-A22C-20F609482064}.Debug|x64.Build.0 = Debug|x64
		{47C758F0-B920-426F-A22C-20F609482064}.Debug|x86.ActiveCfg = Debug|Win32
		{47C758F0-B920-426F-A22C-20F609482064}.Debug|x86.Build.0 = Debug|Win32
		{47C758F0-B920-426F-A22C-20F609482064}.Release|x64.ActiveCfg = Release|x64
		{47C758F0-B920-426F-A22C-20F609482064}.Release|x64.Build.0 = Release|x64
		{47C758F0-B920-426F-A22C-20F609482064}.Release|x86.ActiveCfg = Release|Win32
		{47C758F0-B920-426F-A22C-20F609482064}.Release|x86.Build.0 = Release|Win32
	EndGlobalSection
	GlobalSection(SolutionProperties) = preSolution
		HideSolutionNode = FALSE
	EndGlobalSection
	GlobalSection(ExtensibilityGlobals) = postSolution
		SolutionGuid = {96C848AC-12A1-479B-9BD2-CA03BBDCC75D}
	EndGlobalSection
EndGlobal
